
Microsoft Visual Studio Solution File, Format Version 9.00
# Visual Studio 2005
Project("{E24C65DC-7377-472B-9ABA-BC803B73C61A}") = "C:\...\WebAppOO\", "WebAppOO\", "{CD6064A8-B07E-4ADD-90BE-24975098D8A3}"
	ProjectSection(WebsiteProperties) = preProject
		ProjectReferences = "{5846FE27-554B-4F13-B77D-53CAA33A390C}|MapeamentoOR.dll;"
		Debug.AspNetCompiler.VirtualPath = "/WebAppOO"
		Debug.AspNetCompiler.PhysicalPath = "WebAppOO\"
		Debug.AspNetCompiler.TargetPath = "PrecompiledWeb\WebAppOO\"
		Debug.AspNetCompiler.Updateable = "true"
		Debug.AspNetCompiler.ForceOverwrite = "true"
		Debug.AspNetCompiler.FixedNames = "false"
		Debug.AspNetCompiler.Debug = "True"
		Release.AspNetCompiler.VirtualPath = "/WebAppOO"
		Release.AspNetCompiler.PhysicalPath = "WebAppOO\"
		Release.AspNetCompiler.TargetPath = "PrecompiledWeb\WebAppOO\"
		Release.AspNetCompiler.Updateable = "true"
		Release.AspNetCompiler.ForceOverwrite = "true"
		Release.AspNetCompiler.FixedNames = "false"
		Release.AspNetCompiler.Debug = "False"
		VWDPort = "54450"
		DefaultWebSiteLanguage = "Visual C#"
	EndProjectSection
EndProject
Project("{FAE04EC0-301F-11D3-BF4B-00C04F79EFBC}") = "MapeamentoOR", "MapeamentoOR\MapeamentoOR.csproj", "{5846FE27-554B-4F13-B77D-53CAA33A390C}"
	ProjectSection(WebsiteProperties) = preProject
		Debug.AspNetCompiler.Debug = "True"
		Release.AspNetCompiler.Debug = "False"
	EndProjectSection
EndProject
Global
	GlobalSection(SolutionConfigurationPlatforms) = preSolution
		Debug|.NET = Debug|.NET
		Debug|Any CPU = Debug|Any CPU
		Debug|Mixed Platforms = Debug|Mixed Platforms
		Release|.NET = Release|.NET
		Release|Any CPU = Release|Any CPU
		Release|Mixed Platforms = Release|Mixed Platforms
	EndGlobalSection
	GlobalSection(ProjectConfigurationPlatforms) = postSolution
		{CD6064A8-B07E-4ADD-90BE-24975098D8A3}.Debug|.NET.ActiveCfg = Debug|.NET
		{CD6064A8-B07E-4ADD-90BE-24975098D8A3}.Debug|.NET.Build.0 = Debug|.NET
		{CD6064A8-B07E-4ADD-90BE-24975098D8A3}.Debug|Any CPU.ActiveCfg = Debug|.NET
		{CD6064A8-B07E-4ADD-90BE-24975098D8A3}.Debug|Mixed Platforms.ActiveCfg = Debug|.NET
		{CD6064A8-B07E-4ADD-90BE-24975098D8A3}.Debug|Mixed Platforms.Build.0 = Debug|.NET
		{CD6064A8-B07E-4ADD-90BE-24975098D8A3}.Release|.NET.ActiveCfg = Debug|.NET
		{CD6064A8-B07E-4ADD-90BE-24975098D8A3}.Release|.NET.Build.0 = Debug|.NET
		{CD6064A8-B07E-4ADD-90BE-24975098D8A3}.Release|Any CPU.ActiveCfg = Debug|.NET
		{CD6064A8-B07E-4ADD-90BE-24975098D8A3}.Release|Mixed Platforms.ActiveCfg = Debug|.NET
		{CD6064A8-B07E-4ADD-90BE-24975098D8A3}.Release|Mixed Platforms.Build.0 = Debug|.NET
		{5846FE27-554B-4F13-B77D-53CAA33A390C}.Debug|.NET.ActiveCfg = Debug|Any CPU
		{5846FE27-554B-4F13-B77D-53CAA33A390C}.Debug|Any CPU.ActiveCfg = Debug|Any CPU
		{5846FE27-554B-4F13-B77D-53CAA33A390C}.Debug|Any CPU.Build.0 = Debug|Any CPU
		{5846FE27-554B-4F13-B77D-53CAA33A390C}.Debug|Mixed Platforms.ActiveCfg = Debug|Any CPU
		{5846FE27-554B-4F13-B77D-53CAA33A390C}.Debug|Mixed Platforms.Build.0 = Debug|Any CPU
		{5846FE27-554B-4F13-B77D-53CAA33A390C}.Release|.NET.ActiveCfg = Release|Any CPU
		{5846FE27-554B-4F13-B77D-53CAA33A390C}.Release|Any CPU.ActiveCfg = Release|Any CPU
		{5846FE27-554B-4F13-B77D-53CAA33A390C}.Release|Any CPU.Build.0 = Release|Any CPU
		{5846FE27-554B-4F13-B77D-53CAA33A390C}.Release|Mixed Platforms.ActiveCfg = Release|Any CPU
		{5846FE27-554B-4F13-B77D-53CAA33A390C}.Release|Mixed Platforms.Build.0 = Release|Any CPU
	EndGlobalSection
	GlobalSection(SolutionProperties) = preSolution
		HideSolutionNode = FALSE
	EndGlobalSection
EndGlobal
